# This file is autogenerated, do not edit; changes may be undone by the next 'dep ensure'.


[[projects]]
  branch = "master"
  name = "github.com/namedotcom/go"
  packages = ["namecom"]
  revision = "08470befbe04613bd4b44cb6978b05d50294c4d4"

[[projects]]
  name = "github.com/pkg/errors"
  packages = ["."]
  revision = "645ef00459ed84a119197bfb8d8205042c6df63d"
  version = "v0.8.0"

[solve-meta]
  analyzer-name = "dep"
  analyzer-version = 1
  inputs-digest = "ccc3432411e9473a6191e394dd133edf87926d656ae38b7e69bca56ed47ee71c"
  solver-name = "gps-cdcl"
  solver-version = 1
